
Microsoft Visual Studio Solution File, Format Version 12.00
# Visual Studio Version 16
VisualStudioVersion = 16.0.30523.141
MinimumVisualStudioVersion = 10.0.40219.1
Project("{8BC9CEB8-8B4A-11D0-8D11-00A0C91BC942}") = "MyCompiler", "MyCompiler.vcxproj", "{835935C9-2AA4-4FE7-9DD3-D27169E72DEC}"
EndProject
Global
	GlobalSection(SolutionConfigurationPlatforms) = preSolution
		Debug|x64 = Debug|x64
		Debug|x86 = Debug|x86
		Release|x64 = Release|x64
		Release|x86 = Release|x86
	EndGlobalSection
	GlobalSection(ProjectConfigurationPlatforms) = postSolution
		{835935C9-2AA4-4FE7-9DD3-D27169E72DEC}.Debug|x64.ActiveCfg = Debug|x64
		{835935C9-2AA4-4FE7-9DD3-D27169E72DEC}.Debug|x64.Build.0 = Debug|x64
		{835935C9-2AA4-4FE7-9DD3-D27169E72DEC}.Debug|x86.ActiveCfg = Debug|Win32
		{835935C9-2AA4-4FE7-9DD3-D27169E72DEC}.Debug|x86.Build.0 = Debug|Win32
		{835935C9-2AA4-4FE7-9DD3-D27169E72DEC}.Release|x64.ActiveCfg = Release|x64
		{835935C9-2AA4-4FE7-9DD3-D27169E72DEC}.Release|x64.Build.0 = Release|x64
		{835935C9-2AA4-4FE7-9DD3-D27169E72DEC}.Release|x86.ActiveCfg = Release|Win32
		{835935C9-2AA4-4FE7-9DD3-D27169E72DEC}.Release|x86.Build.0 = Release|Win32
	EndGlobalSection
	GlobalSection(SolutionProperties) = preSolution
		HideSolutionNode = FALSE
	EndGlobalSection
	GlobalSection(ExtensibilityGlobals) = postSolution
		SolutionGuid = {A118DD3C-FCAA-4189-8444-7171DBABC78E}
	EndGlobalSection
EndGlobal
